{
  "name": "simple-frontmatter-loader",
  "version": "0.1.1",
  "lockfileVersion": 1,
  "requires": true,
  "dependencies": {
    "argparse": {
      "version": "1.0.10",
      "resolved": "https://registry.npmjs.org/argparse/-/argparse-1.0.10.tgz",
      "integrity": "sha512-o5Roy6tNG4SL/FOkCAN6RzjiakZS25RLYFrcMttJqbdd8BWrnA+fGz57iN5Pb06pvBGvl5gQ0B48dJlslXvoTg==",
      "requires": {
        "sprintf-js": "~1.0.2"
      }
    },
    "big.js": {
      "version": "5.2.2",
      "resolved": "https://registry.npmjs.org/big.js/-/big.js-5.2.2.tgz",
      "integrity": "sha512-vyL2OymJxmarO8gxMr0mhChsO9QGwhynfuu4+MHTAW6czfq9humCB7rKpUjDd9YUiDPU4mzpyupFSvOClAwbmQ=="
    },
    "emojis-list": {
      "version": "3.0.0",
      "resolved": "https://registry.npmjs.org/emojis-list/-/emojis-list-3.0.0.tgz",
      "integrity": "sha512-/kyM18EfinwXZbno9FyUGeFh87KC8HRQBQGildHZbEuRyWFOmv1U10o9BBp8XVZDVNNuQKyIGIu5ZYAAXJ0V2Q=="
    },
    "esprima": {
      "version": "4.0.1",
      "resolved": "https://registry.npmjs.org/esprima/-/esprima-4.0.1.tgz",
      "integrity": "sha512-eGuFFw7Upda+g4p+QHvnW0RyTX/SVeJBDM/gCtMARO0cLuT2HcEKnTPvhjV6aGeqrCB/sbNop0Kszm0jsaWU4A=="
    },
    "front-matter": {
      "version": "2.3.0",
      "resolved": "https://registry.npmjs.org/front-matter/-/front-matter-2.3.0.tgz",
      "integrity": "sha1-cgOviWzjV+4E4qpFFp6pHtf2dQQ=",
      "requires": {
        "js-yaml": "^3.10.0"
      }
    },
    "js-yaml": {
      "version": "3.12.0",
      "resolved": "https://registry.npmjs.org/js-yaml/-/js-yaml-3.12.0.tgz",
      "integrity": "sha512-PIt2cnwmPfL4hKNwqeiuz4bKfnzHTBv6HyVgjahA6mPLwPDzjDWrplJBMjHUFxku/N3FlmrbyPclad+I+4mJ3A==",
      "requires": {
        "argparse": "^1.0.7",
        "esprima": "^4.0.0"
      }
    },
    "json5": {
      "version": "1.0.1",
      "resolved": "https://registry.npmjs.org/json5/-/json5-1.0.1.tgz",
      "integrity": "sha512-aKS4WQjPenRxiQsC93MNfjx+nbF4PAdYzmd/1JIj8HYzqfbu86beTuNgXDzPknWk0n0uARlyewZo4s++ES36Ow==",
      "requires": {
        "minimist": "^1.2.0"
      }
    },
    "loader-utils": {
      "version": "1.4.2",
      "resolved": "https://registry.npmjs.org/loader-utils/-/loader-utils-1.4.2.tgz",
      "integrity": "sha512-I5d00Pd/jwMD2QCduo657+YM/6L3KZu++pmX9VFncxaxvHcru9jx1lBaFft+r4Mt2jK0Yhp41XlRAihzPxHNCg==",
      "requires": {
        "big.js": "^5.2.2",
        "emojis-list": "^3.0.0",
        "json5": "^1.0.1"
      }
    },
    "minimist": {
      "version": "1.2.7",
      "resolved": "https://registry.npmjs.org/minimist/-/minimist-1.2.7.tgz",
      "integrity": "sha512-bzfL1YUZsP41gmu/qjrEk0Q6i2ix/cVeAhbCbqH9u3zYutS1cLg00qhrD0M2MVdCcx4Sc0UpP2eBWo9rotpq6g=="
    },
    "sprintf-js": {
      "version": "1.0.3",
      "resolved": "https://registry.npmjs.org/sprintf-js/-/sprintf-js-1.0.3.tgz",
      "integrity": "sha1-BOaSb2YolTVPPdAVIDYzuFcpfiw="
    }
  }
}
